{
  "name": "suite-tooth",
  "version": "1.0.0",
  "lockfileVersion": 1,
  "requires": true,
  "dependencies": {
    "sfdx-ftw-assertions": {
      "version": "github:alpha-bytes/sfdx-ftw-assertions#2f555faeb15f536a5918ceb35efad335abc98aa9",
      "from": "github:alpha-bytes/sfdx-ftw-assertions",
      "dev": true
    }
  }
}
