{
  "name": "suite-tooth",
  "version": "1.0.0",
  "lockfileVersion": 1,
  "requires": true,
  "dependencies": {
    "@types/node": {
      "version": "12.7.11",
      "resolved": "https://registry.npmjs.org/@types/node/-/node-12.7.11.tgz",
      "integrity": "sha512-Otxmr2rrZLKRYIybtdG/sgeO+tHY20GxeDjcGmUnmmlCWyEnv2a2x1ZXBo3BTec4OiTXMQCiazB8NMBf0iRlFw==",
      "dev": true
    },
    "sfdx-ftw-assertions": {
      "version": "github:alpha-bytes/sfdx-ftw-assertions#878ff9a7090d8c8f83e1451bf38311dcce53a0b4",
      "from": "github:alpha-bytes/sfdx-ftw-assertions",
      "dev": true
    }
  }
}
