{
  "name": "suite-tooth",
  "version": "1.0.0",
  "lockfileVersion": 1,
  "requires": true,
  "dependencies": {
    "@types/node": {
      "version": "12.7.12",
      "resolved": "https://registry.npmjs.org/@types/node/-/node-12.7.12.tgz",
      "integrity": "sha512-KPYGmfD0/b1eXurQ59fXD1GBzhSQfz6/lKBxkaHX9dKTzjXbK68Zt7yGUxUsCS1jeTy/8aL+d9JEr+S54mpkWQ==",
      "dev": true
    },
    "sfdx-ftw-assertions": {
      "version": "github:alpha-bytes/sfdx-ftw-assertions#2f555faeb15f536a5918ceb35efad335abc98aa9",
      "from": "github:alpha-bytes/sfdx-ftw-assertions",
      "dev": true
    }
  }
}
